Microsoft Visual Studio Solution File, Format Version 9.00
Project("{FAE04EC0-301F-11D3-BF4B-00C04F79EFBC}") = "FerdaNetworkArchive", "FerdaNetworkArchive.csproj", "{587B7B1F-2E31-4038-977C-F725594C16CD}"
EndProject
Global
	GlobalSection(SolutionConfigurationPlatforms) = preSolution
		Debug|Any CPU = Debug|Any CPU
		Release|Any CPU = Release|Any CPU
	EndGlobalSection
	GlobalSection(ProjectConfigurationPlatforms) = postSolution
		{587B7B1F-2E31-4038-977C-F725594C16CD}.Debug|Any CPU.ActiveCfg = Debug|AnyCPU
		{587B7B1F-2E31-4038-977C-F725594C16CD}.Debug|Any CPU.Build.0 = Debug|AnyCPU
		{587B7B1F-2E31-4038-977C-F725594C16CD}.Release|Any CPU.ActiveCfg = Release|AnyCPU
		{587B7B1F-2E31-4038-977C-F725594C16CD}.Release|Any CPU.Build.0 = Release|AnyCPU
	EndGlobalSection
	GlobalSection(SolutionProperties) = preSolution
		HideSolutionNode = FALSE
	EndGlobalSection
EndGlobal
