Microsoft Visual Studio Solution File, Format Version 8.00
Project("{FAE04EC0-301F-11D3-BF4B-00C04F79EFBC}") = "PropertyBag", "PropertyBag.csproj", "{3BF34960-531A-4A12-A214-51A1C4812734}"
	ProjectSection(ProjectDependencies) = postProject
	EndProjectSection
EndProject
Global
	GlobalSection(SolutionConfiguration) = preSolution
		Debug = Debug
		Release = Release
	EndGlobalSection
	GlobalSection(ProjectConfiguration) = postSolution
		{3BF34960-531A-4A12-A214-51A1C4812734}.Debug.ActiveCfg = Debug|.NET
		{3BF34960-531A-4A12-A214-51A1C4812734}.Debug.Build.0 = Debug|.NET
		{3BF34960-531A-4A12-A214-51A1C4812734}.Release.ActiveCfg = Release|.NET
		{3BF34960-531A-4A12-A214-51A1C4812734}.Release.Build.0 = Release|.NET
	EndGlobalSection
	GlobalSection(ExtensibilityGlobals) = postSolution
	EndGlobalSection
	GlobalSection(ExtensibilityAddIns) = postSolution
	EndGlobalSection
EndGlobal
