
Microsoft Visual Studio Solution File, Format Version 9.00
# Visual Studio 2005
Project("{FAE04EC0-301F-11D3-BF4B-00C04F79EFBC}") = "SampleBoxModules", "SampleBoxModules\SampleBoxModules.csproj", "{BFAB0932-1166-406F-9965-E3A20B981752}"
EndProject
Global
	GlobalSection(SolutionConfigurationPlatforms) = preSolution
		Debug|Any CPU = Debug|Any CPU
		Release|Any CPU = Release|Any CPU
	EndGlobalSection
	GlobalSection(ProjectConfigurationPlatforms) = postSolution
		{BFAB0932-1166-406F-9965-E3A20B981752}.Debug|Any CPU.ActiveCfg = Debug|Any CPU
		{BFAB0932-1166-406F-9965-E3A20B981752}.Debug|Any CPU.Build.0 = Debug|Any CPU
		{BFAB0932-1166-406F-9965-E3A20B981752}.Release|Any CPU.ActiveCfg = Release|Any CPU
		{BFAB0932-1166-406F-9965-E3A20B981752}.Release|Any CPU.Build.0 = Release|Any CPU
	EndGlobalSection
	GlobalSection(SolutionProperties) = preSolution
		HideSolutionNode = FALSE
	EndGlobalSection
EndGlobal
