
Microsoft Visual Studio Solution File, Format Version 9.00
# Visual Studio 2005
Project("{FAE04EC0-301F-11D3-BF4B-00C04F79EFBC}") = "WaitDialog", "WaitDialog.csproj", "{070BBD33-DF83-47CC-A59F-44789E1052F9}"
EndProject
Global
	GlobalSection(SolutionConfigurationPlatforms) = preSolution
		Debug|Any CPU = Debug|Any CPU
		Release|Any CPU = Release|Any CPU
	EndGlobalSection
	GlobalSection(ProjectConfigurationPlatforms) = postSolution
		{070BBD33-DF83-47CC-A59F-44789E1052F9}.Debug|Any CPU.ActiveCfg = Debug|Any CPU
		{070BBD33-DF83-47CC-A59F-44789E1052F9}.Debug|Any CPU.Build.0 = Debug|Any CPU
		{070BBD33-DF83-47CC-A59F-44789E1052F9}.Release|Any CPU.ActiveCfg = Release|Any CPU
		{070BBD33-DF83-47CC-A59F-44789E1052F9}.Release|Any CPU.Build.0 = Release|Any CPU
	EndGlobalSection
	GlobalSection(SolutionProperties) = preSolution
		HideSolutionNode = FALSE
	EndGlobalSection
EndGlobal
