
Microsoft Visual Studio Solution File, Format Version 9.00
# Visual C# Express 2005
Project("{FAE04EC0-301F-11D3-BF4B-00C04F79EFBC}") = "SetPrimaryKeys", "SetPrimaryKeys.csproj", "{9370BD4E-B1F7-45B6-AD00-5BA9B2C69636}"
EndProject
Global
	GlobalSection(SolutionConfigurationPlatforms) = preSolution
		Debug|Any CPU = Debug|Any CPU
		Release|Any CPU = Release|Any CPU
	EndGlobalSection
	GlobalSection(ProjectConfigurationPlatforms) = postSolution
		{9370BD4E-B1F7-45B6-AD00-5BA9B2C69636}.Debug|Any CPU.ActiveCfg = Debug|Any CPU
		{9370BD4E-B1F7-45B6-AD00-5BA9B2C69636}.Debug|Any CPU.Build.0 = Debug|Any CPU
		{9370BD4E-B1F7-45B6-AD00-5BA9B2C69636}.Release|Any CPU.ActiveCfg = Release|Any CPU
		{9370BD4E-B1F7-45B6-AD00-5BA9B2C69636}.Release|Any CPU.Build.0 = Release|Any CPU
	EndGlobalSection
	GlobalSection(SolutionProperties) = preSolution
		HideSolutionNode = FALSE
	EndGlobalSection
EndGlobal
