
Microsoft Visual Studio Solution File, Format Version 12.00
# Visual Studio Version 17
VisualStudioVersion = 17.0.32112.339
MinimumVisualStudioVersion = 10.0.40219.1
Project("{9A19103F-16F7-4668-BE54-9A1E7A4F7556}") = "Base", "src\Base\Base.csproj", "{FE5931DA-55C5-47B1-B7F1-14F8BA636C13}"
EndProject
Project("{9A19103F-16F7-4668-BE54-9A1E7A4F7556}") = "ProjectBase", "src\ProjectBase\ProjectBase.csproj", "{51A41F2C-D478-46AE-8077-47A2715FCB9C}"
EndProject
Project("{9A19103F-16F7-4668-BE54-9A1E7A4F7556}") = "NetworkArchiveBase", "src\NetworkArchiveBase\NetworkArchiveBase.csproj", "{0B6001B8-0185-4EF3-A64F-C72E8DC6217A}"
EndProject
Project("{9A19103F-16F7-4668-BE54-9A1E7A4F7556}") = "NetworkArchive", "src\NetworkArchive\NetworkArchive.csproj", "{6B178BA1-89F8-4990-A396-C79F1EC1F46B}"
EndProject
Project("{9A19103F-16F7-4668-BE54-9A1E7A4F7556}") = "ProjectManager", "src\ProjectManager\ProjectManager.csproj", "{F1D93004-A43E-437D-B202-7E8D77C3A5EE}"
EndProject
Project("{9A19103F-16F7-4668-BE54-9A1E7A4F7556}") = "ModulesManager", "src\ModulesManager\ModulesManager.csproj", "{71EFC9A4-55A1-4438-8AA2-055ABEAE27BD}"
EndProject
Project("{9A19103F-16F7-4668-BE54-9A1E7A4F7556}") = "FrontEnd", "src\FrontEnd\FrontEnd.csproj", "{E2811D06-E126-45EA-B953-C10D58E2F331}"
EndProject
Project("{9A19103F-16F7-4668-BE54-9A1E7A4F7556}") = "NAFGraph", "libsrc\NAFGraph\NAFGraph.csproj", "{894F3FB8-FD76-49E8-8777-471207B83849}"
EndProject
Project("{9A19103F-16F7-4668-BE54-9A1E7A4F7556}") = "DockDotNET", "libsrc\DockDotNET\DockDotNET.csproj", "{7104CCF5-9A01-4A8B-ABEB-CC2EA94AF365}"
EndProject
Project("{9A19103F-16F7-4668-BE54-9A1E7A4F7556}") = "FrontEndAddInHelper", "src\FrontEndAddInHelper\FrontEndAddInHelper.csproj", "{B7590AC7-E0C1-4F25-AB02-587E524B9192}"
EndProject
Project("{2150E333-8FDC-42A3-9474-1A3956D46DE8}") = "Modules", "Modules", "{5BC1F228-2CC1-4D51-97A7-C377758CEA29}"
EndProject
Project("{2150E333-8FDC-42A3-9474-1A3956D46DE8}") = "BoxModuleServices", "BoxModuleServices", "{19DFADB3-BA94-41DA-9616-EA48E57C707A}"
EndProject
Project("{9A19103F-16F7-4668-BE54-9A1E7A4F7556}") = "BoxInterfaces", "src\Modules\BoxInterfaces\BoxInterfaces.csproj", "{1FE2A8C1-8259-4F23-A46D-DB96F176C272}"
EndProject
Project("{9A19103F-16F7-4668-BE54-9A1E7A4F7556}") = "ServerBase", "src\Modules\ServerBase\ServerBase.csproj", "{1C4B675B-44A6-4203-A30B-5E882FB15B38}"
EndProject
Project("{9A19103F-16F7-4668-BE54-9A1E7A4F7556}") = "LumenWorks.Framework.IO", "libsrc\CsvReader\LumenWorks.Framework.IO\LumenWorks.Framework.IO.csproj", "{A2FA393F-1F44-4018-944B-605A0074085D}"
EndProject
Project("{9A19103F-16F7-4668-BE54-9A1E7A4F7556}") = "Helpers", "src\Modules\Helpers\Helpers.csproj", "{C956C5EE-AA3F-485D-854E-C1898A465D15}"
EndProject
Project("{2150E333-8FDC-42A3-9474-1A3956D46DE8}") = "Core", "Core", "{686562D6-EFAA-466F-BB0B-535135185E6E}"
EndProject
Project("{9A19103F-16F7-4668-BE54-9A1E7A4F7556}") = "Attribute", "src\Modules\Core\Attribute\Attribute.csproj", "{029C0747-D9C3-408D-9512-C82E0F971EA1}"
EndProject
Project("{9A19103F-16F7-4668-BE54-9A1E7A4F7556}") = "Data", "src\Modules\Core\Data\Data.csproj", "{4E865D19-1D9C-4B24-9452-262ED9F7C9ED}"
EndProject
Project("{9A19103F-16F7-4668-BE54-9A1E7A4F7556}") = "Math", "src\Modules\Core\Math\Math.csproj", "{B7CA68A4-3118-4942-959B-C0CEDF7FA136}"
EndProject
Project("{9A19103F-16F7-4668-BE54-9A1E7A4F7556}") = "MiningProcessor", "src\Modules\Core\MiningProcessor\MiningProcessor.csproj", "{AA59CD41-B213-4408-88B6-381999991D94}"
EndProject
Project("{9A19103F-16F7-4668-BE54-9A1E7A4F7556}") = "Basic", "src\Modules\BoxModulesServices\Basic\Basic.csproj", "{060CD99E-2F40-4E5F-AD10-54D59C7576A6}"
EndProject
Project("{9A19103F-16F7-4668-BE54-9A1E7A4F7556}") = "DataPreparation", "src\Modules\BoxModulesServices\DataPreparation\DataPreparation.csproj", "{81581C73-C532-4125-9D10-5F6145EE40A7}"
EndProject
Project("{9A19103F-16F7-4668-BE54-9A1E7A4F7556}") = "GuhaMining", "src\Modules\BoxModulesServices\GuhaMining\GuhaMining.csproj", "{B1B4E4E3-18E6-4785-BD5B-C98FBED436A3}"
EndProject
Project("{9A19103F-16F7-4668-BE54-9A1E7A4F7556}") = "Language", "src\Modules\BoxModulesServices\Language\Language.csproj", "{E996B82D-F858-4C54-B9A3-F474A80EFCFE}"
EndProject
Project("{9A19103F-16F7-4668-BE54-9A1E7A4F7556}") = "OntologyRelated", "src\Modules\BoxModulesServices\OntologyRelated\OntologyRelated.csproj", "{5561C709-DF86-490A-95EB-352835E4C52E}"
EndProject
Project("{9A19103F-16F7-4668-BE54-9A1E7A4F7556}") = "SemanticWeb", "src\Modules\BoxModulesServices\SemanticWeb\SemanticWeb.csproj", "{1945B16C-17FF-40EB-AC1E-36610D82877B}"
EndProject
Project("{9A19103F-16F7-4668-BE54-9A1E7A4F7556}") = "Wizards", "src\Modules\BoxModulesServices\Wizards\Wizards.csproj", "{FC277080-8125-47F0-9C04-7BFA8E6AE260}"
EndProject
Project("{9A19103F-16F7-4668-BE54-9A1E7A4F7556}") = "Sample", "src\Modules\BoxModulesServices\Sample\Sample.csproj", "{8D17A312-A420-4B62-9238-51D2F80FF494}"
EndProject
Project("{2150E333-8FDC-42A3-9474-1A3956D46DE8}") = "Lib", "Lib", "{48F744FB-EA3E-4298-9654-59C9CE07177A}"
EndProject
Project("{9A19103F-16F7-4668-BE54-9A1E7A4F7556}") = "Sewebar", "libsrc\Sewebar\Sewebar.csproj", "{5B69B95C-DEEB-40D8-B731-F5ED4671CFD6}"
EndProject
Project("{2150E333-8FDC-42A3-9474-1A3956D46DE8}") = "FrontEndAddIns", "FrontEndAddIns", "{72894526-EC99-41C0-8CFE-BEB363E1BCED}"
EndProject
Project("{9A19103F-16F7-4668-BE54-9A1E7A4F7556}") = "Common", "src\FrontEndAddIns\Common\Common.csproj", "{7B49B45E-4244-4FBD-A10E-4DD2E50DDBCF}"
EndProject
Project("{9A19103F-16F7-4668-BE54-9A1E7A4F7556}") = "DatabaseInfo", "src\FrontEndAddIns\DatabaseInfo\DatabaseInfo.csproj", "{B3B5A820-31F0-4F97-86A6-D457345EDFC4}"
EndProject
Project("{9A19103F-16F7-4668-BE54-9A1E7A4F7556}") = "EditCategories", "src\FrontEndAddIns\EditCategories\EditCategories.csproj", "{0C49340A-C89F-466E-84FF-E663487F884B}"
EndProject
Project("{9A19103F-16F7-4668-BE54-9A1E7A4F7556}") = "EditFuzzyCategories", "src\FrontEndAddIns\EditFuzzyCategories\EditFuzzyCategories.csproj", "{C33C4634-439A-4C94-92D8-A0DEBB19E5A8}"
EndProject
Project("{9A19103F-16F7-4668-BE54-9A1E7A4F7556}") = "ExplainTable", "src\FrontEndAddIns\ExplainTable\ExplainTable.csproj", "{D74DEFFC-148D-4929-BDE4-43B3EB825B23}"
EndProject
Project("{9A19103F-16F7-4668-BE54-9A1E7A4F7556}") = "FormEditor", "src\FrontEndAddIns\FormEditor\FormEditor.csproj", "{7D2B7A05-CF4A-4A1A-AEE2-357F309D2E82}"
EndProject
Project("{9A19103F-16F7-4668-BE54-9A1E7A4F7556}") = "FormGenerator", "src\FrontEndAddIns\FormGenerator\FormGenerator.csproj", "{4A99FA3A-154A-42DF-9C47-AD859BD75590}"
EndProject
Project("{9A19103F-16F7-4668-BE54-9A1E7A4F7556}") = "FrequencyDisplayer", "src\FrontEndAddIns\FrequencyDisplayer\FrequencyDisplayer.csproj", "{78751E92-5462-4213-A753-D2235225114F}"
EndProject
Project("{9A19103F-16F7-4668-BE54-9A1E7A4F7556}") = "MultiSelectStrings", "src\FrontEndAddIns\MultiSelectStrings\MultiSelectStrings.csproj", "{39CB36C0-2CCA-497A-A756-847A6EF4C381}"
EndProject
Project("{9A19103F-16F7-4668-BE54-9A1E7A4F7556}") = "ODBCConnectionString", "src\FrontEndAddIns\ODBCConnectionString\ODBCConnectionString.csproj", "{ADF564F1-9651-486E-9033-99C850D4781A}"
EndProject
Project("{9A19103F-16F7-4668-BE54-9A1E7A4F7556}") = "RegEditor", "src\FrontEndAddIns\RegEditor\RegEditor.csproj", "{61D50E15-43A0-4BE2-8316-817326C69CAC}"
EndProject
Project("{9A19103F-16F7-4668-BE54-9A1E7A4F7556}") = "ResultBrowser", "src\FrontEndAddIns\ResultBrowser\ResultBrowser.csproj", "{873F071B-F93B-42D5-8E26-2E81059F0812}"
EndProject
Project("{9A19103F-16F7-4668-BE54-9A1E7A4F7556}") = "SetOntologyMapping", "src\FrontEndAddIns\SetOntologyMapping\SetOntologyMapping.csproj", "{8A076D76-4257-4AB3-904F-5FEAB6026CA5}"
EndProject
Project("{9A19103F-16F7-4668-BE54-9A1E7A4F7556}") = "SetPrimaryKeys", "src\FrontEndAddIns\SetPrimaryKeys\SetPrimaryKeys.csproj", "{6C15172A-B37E-4A46-BAD8-F8A7E3B6AA13}"
EndProject
Project("{9A19103F-16F7-4668-BE54-9A1E7A4F7556}") = "ShowMapping", "src\FrontEndAddIns\ShowMapping\ShowMapping.csproj", "{29AD2079-FE3D-4CCE-AE4B-434BB90EBBD3}"
EndProject
Project("{9A19103F-16F7-4668-BE54-9A1E7A4F7556}") = "ShowTable", "src\FrontEndAddIns\ShowTable\ShowTable.csproj", "{9B0E96F4-296A-4A6F-83AF-B35C9751E206}"
EndProject
Global
	GlobalSection(SolutionConfigurationPlatforms) = preSolution
		Debug|Any CPU = Debug|Any CPU
		Release|Any CPU = Release|Any CPU
	EndGlobalSection
	GlobalSection(ProjectConfigurationPlatforms) = postSolution
		{FE5931DA-55C5-47B1-B7F1-14F8BA636C13}.Debug|Any CPU.ActiveCfg = Debug|Any CPU
		{FE5931DA-55C5-47B1-B7F1-14F8BA636C13}.Debug|Any CPU.Build.0 = Debug|Any CPU
		{FE5931DA-55C5-47B1-B7F1-14F8BA636C13}.Release|Any CPU.ActiveCfg = Release|Any CPU
		{FE5931DA-55C5-47B1-B7F1-14F8BA636C13}.Release|Any CPU.Build.0 = Release|Any CPU
		{51A41F2C-D478-46AE-8077-47A2715FCB9C}.Debug|Any CPU.ActiveCfg = Debug|Any CPU
		{51A41F2C-D478-46AE-8077-47A2715FCB9C}.Debug|Any CPU.Build.0 = Debug|Any CPU
		{51A41F2C-D478-46AE-8077-47A2715FCB9C}.Release|Any CPU.ActiveCfg = Release|Any CPU
		{51A41F2C-D478-46AE-8077-47A2715FCB9C}.Release|Any CPU.Build.0 = Release|Any CPU
		{0B6001B8-0185-4EF3-A64F-C72E8DC6217A}.Debug|Any CPU.ActiveCfg = Debug|Any CPU
		{0B6001B8-0185-4EF3-A64F-C72E8DC6217A}.Debug|Any CPU.Build.0 = Debug|Any CPU
		{0B6001B8-0185-4EF3-A64F-C72E8DC6217A}.Release|Any CPU.ActiveCfg = Release|Any CPU
		{0B6001B8-0185-4EF3-A64F-C72E8DC6217A}.Release|Any CPU.Build.0 = Release|Any CPU
		{6B178BA1-89F8-4990-A396-C79F1EC1F46B}.Debug|Any CPU.ActiveCfg = Debug|Any CPU
		{6B178BA1-89F8-4990-A396-C79F1EC1F46B}.Debug|Any CPU.Build.0 = Debug|Any CPU
		{6B178BA1-89F8-4990-A396-C79F1EC1F46B}.Release|Any CPU.ActiveCfg = Release|Any CPU
		{6B178BA1-89F8-4990-A396-C79F1EC1F46B}.Release|Any CPU.Build.0 = Release|Any CPU
		{F1D93004-A43E-437D-B202-7E8D77C3A5EE}.Debug|Any CPU.ActiveCfg = Debug|Any CPU
		{F1D93004-A43E-437D-B202-7E8D77C3A5EE}.Debug|Any CPU.Build.0 = Debug|Any CPU
		{F1D93004-A43E-437D-B202-7E8D77C3A5EE}.Release|Any CPU.ActiveCfg = Release|Any CPU
		{F1D93004-A43E-437D-B202-7E8D77C3A5EE}.Release|Any CPU.Build.0 = Release|Any CPU
		{71EFC9A4-55A1-4438-8AA2-055ABEAE27BD}.Debug|Any CPU.ActiveCfg = Debug|Any CPU
		{71EFC9A4-55A1-4438-8AA2-055ABEAE27BD}.Debug|Any CPU.Build.0 = Debug|Any CPU
		{71EFC9A4-55A1-4438-8AA2-055ABEAE27BD}.Release|Any CPU.ActiveCfg = Release|Any CPU
		{71EFC9A4-55A1-4438-8AA2-055ABEAE27BD}.Release|Any CPU.Build.0 = Release|Any CPU
		{E2811D06-E126-45EA-B953-C10D58E2F331}.Debug|Any CPU.ActiveCfg = Debug|Any CPU
		{E2811D06-E126-45EA-B953-C10D58E2F331}.Debug|Any CPU.Build.0 = Debug|Any CPU
		{E2811D06-E126-45EA-B953-C10D58E2F331}.Release|Any CPU.ActiveCfg = Release|Any CPU
		{E2811D06-E126-45EA-B953-C10D58E2F331}.Release|Any CPU.Build.0 = Release|Any CPU
		{894F3FB8-FD76-49E8-8777-471207B83849}.Debug|Any CPU.ActiveCfg = Debug|Any CPU
		{894F3FB8-FD76-49E8-8777-471207B83849}.Debug|Any CPU.Build.0 = Debug|Any CPU
		{894F3FB8-FD76-49E8-8777-471207B83849}.Release|Any CPU.ActiveCfg = Release|Any CPU
		{894F3FB8-FD76-49E8-8777-471207B83849}.Release|Any CPU.Build.0 = Release|Any CPU
		{7104CCF5-9A01-4A8B-ABEB-CC2EA94AF365}.Debug|Any CPU.ActiveCfg = Debug|Any CPU
		{7104CCF5-9A01-4A8B-ABEB-CC2EA94AF365}.Debug|Any CPU.Build.0 = Debug|Any CPU
		{7104CCF5-9A01-4A8B-ABEB-CC2EA94AF365}.Release|Any CPU.ActiveCfg = Release|Any CPU
		{7104CCF5-9A01-4A8B-ABEB-CC2EA94AF365}.Release|Any CPU.Build.0 = Release|Any CPU
		{B7590AC7-E0C1-4F25-AB02-587E524B9192}.Debug|Any CPU.ActiveCfg = Debug|Any CPU
		{B7590AC7-E0C1-4F25-AB02-587E524B9192}.Debug|Any CPU.Build.0 = Debug|Any CPU
		{B7590AC7-E0C1-4F25-AB02-587E524B9192}.Release|Any CPU.ActiveCfg = Release|Any CPU
		{B7590AC7-E0C1-4F25-AB02-587E524B9192}.Release|Any CPU.Build.0 = Release|Any CPU
		{1FE2A8C1-8259-4F23-A46D-DB96F176C272}.Debug|Any CPU.ActiveCfg = Debug|Any CPU
		{1FE2A8C1-8259-4F23-A46D-DB96F176C272}.Debug|Any CPU.Build.0 = Debug|Any CPU
		{1FE2A8C1-8259-4F23-A46D-DB96F176C272}.Release|Any CPU.ActiveCfg = Release|Any CPU
		{1FE2A8C1-8259-4F23-A46D-DB96F176C272}.Release|Any CPU.Build.0 = Release|Any CPU
		{1C4B675B-44A6-4203-A30B-5E882FB15B38}.Debug|Any CPU.ActiveCfg = Debug|Any CPU
		{1C4B675B-44A6-4203-A30B-5E882FB15B38}.Debug|Any CPU.Build.0 = Debug|Any CPU
		{1C4B675B-44A6-4203-A30B-5E882FB15B38}.Release|Any CPU.ActiveCfg = Release|Any CPU
		{1C4B675B-44A6-4203-A30B-5E882FB15B38}.Release|Any CPU.Build.0 = Release|Any CPU
		{A2FA393F-1F44-4018-944B-605A0074085D}.Debug|Any CPU.ActiveCfg = Debug|Any CPU
		{A2FA393F-1F44-4018-944B-605A0074085D}.Debug|Any CPU.Build.0 = Debug|Any CPU
		{A2FA393F-1F44-4018-944B-605A0074085D}.Release|Any CPU.ActiveCfg = Release|Any CPU
		{A2FA393F-1F44-4018-944B-605A0074085D}.Release|Any CPU.Build.0 = Release|Any CPU
		{C956C5EE-AA3F-485D-854E-C1898A465D15}.Debug|Any CPU.ActiveCfg = Debug|Any CPU
		{C956C5EE-AA3F-485D-854E-C1898A465D15}.Debug|Any CPU.Build.0 = Debug|Any CPU
		{C956C5EE-AA3F-485D-854E-C1898A465D15}.Release|Any CPU.ActiveCfg = Release|Any CPU
		{C956C5EE-AA3F-485D-854E-C1898A465D15}.Release|Any CPU.Build.0 = Release|Any CPU
		{029C0747-D9C3-408D-9512-C82E0F971EA1}.Debug|Any CPU.ActiveCfg = Debug|Any CPU
		{029C0747-D9C3-408D-9512-C82E0F971EA1}.Debug|Any CPU.Build.0 = Debug|Any CPU
		{029C0747-D9C3-408D-9512-C82E0F971EA1}.Release|Any CPU.ActiveCfg = Release|Any CPU
		{029C0747-D9C3-408D-9512-C82E0F971EA1}.Release|Any CPU.Build.0 = Release|Any CPU
		{4E865D19-1D9C-4B24-9452-262ED9F7C9ED}.Debug|Any CPU.ActiveCfg = Debug|Any CPU
		{4E865D19-1D9C-4B24-9452-262ED9F7C9ED}.Debug|Any CPU.Build.0 = Debug|Any CPU
		{4E865D19-1D9C-4B24-9452-262ED9F7C9ED}.Release|Any CPU.ActiveCfg = Release|Any CPU
		{4E865D19-1D9C-4B24-9452-262ED9F7C9ED}.Release|Any CPU.Build.0 = Release|Any CPU
		{B7CA68A4-3118-4942-959B-C0CEDF7FA136}.Debug|Any CPU.ActiveCfg = Debug|Any CPU
		{B7CA68A4-3118-4942-959B-C0CEDF7FA136}.Debug|Any CPU.Build.0 = Debug|Any CPU
		{B7CA68A4-3118-4942-959B-C0CEDF7FA136}.Release|Any CPU.ActiveCfg = Release|Any CPU
		{B7CA68A4-3118-4942-959B-C0CEDF7FA136}.Release|Any CPU.Build.0 = Release|Any CPU
		{AA59CD41-B213-4408-88B6-381999991D94}.Debug|Any CPU.ActiveCfg = Debug|Any CPU
		{AA59CD41-B213-4408-88B6-381999991D94}.Debug|Any CPU.Build.0 = Debug|Any CPU
		{AA59CD41-B213-4408-88B6-381999991D94}.Release|Any CPU.ActiveCfg = Release|Any CPU
		{AA59CD41-B213-4408-88B6-381999991D94}.Release|Any CPU.Build.0 = Release|Any CPU
		{060CD99E-2F40-4E5F-AD10-54D59C7576A6}.Debug|Any CPU.ActiveCfg = Debug|Any CPU
		{060CD99E-2F40-4E5F-AD10-54D59C7576A6}.Debug|Any CPU.Build.0 = Debug|Any CPU
		{060CD99E-2F40-4E5F-AD10-54D59C7576A6}.Release|Any CPU.ActiveCfg = Release|Any CPU
		{060CD99E-2F40-4E5F-AD10-54D59C7576A6}.Release|Any CPU.Build.0 = Release|Any CPU
		{81581C73-C532-4125-9D10-5F6145EE40A7}.Debug|Any CPU.ActiveCfg = Debug|Any CPU
		{81581C73-C532-4125-9D10-5F6145EE40A7}.Debug|Any CPU.Build.0 = Debug|Any CPU
		{81581C73-C532-4125-9D10-5F6145EE40A7}.Release|Any CPU.ActiveCfg = Release|Any CPU
		{81581C73-C532-4125-9D10-5F6145EE40A7}.Release|Any CPU.Build.0 = Release|Any CPU
		{B1B4E4E3-18E6-4785-BD5B-C98FBED436A3}.Debug|Any CPU.ActiveCfg = Debug|Any CPU
		{B1B4E4E3-18E6-4785-BD5B-C98FBED436A3}.Debug|Any CPU.Build.0 = Debug|Any CPU
		{B1B4E4E3-18E6-4785-BD5B-C98FBED436A3}.Release|Any CPU.ActiveCfg = Release|Any CPU
		{B1B4E4E3-18E6-4785-BD5B-C98FBED436A3}.Release|Any CPU.Build.0 = Release|Any CPU
		{E996B82D-F858-4C54-B9A3-F474A80EFCFE}.Debug|Any CPU.ActiveCfg = Debug|Any CPU
		{E996B82D-F858-4C54-B9A3-F474A80EFCFE}.Debug|Any CPU.Build.0 = Debug|Any CPU
		{E996B82D-F858-4C54-B9A3-F474A80EFCFE}.Release|Any CPU.ActiveCfg = Release|Any CPU
		{E996B82D-F858-4C54-B9A3-F474A80EFCFE}.Release|Any CPU.Build.0 = Release|Any CPU
		{5561C709-DF86-490A-95EB-352835E4C52E}.Debug|Any CPU.ActiveCfg = Debug|Any CPU
		{5561C709-DF86-490A-95EB-352835E4C52E}.Debug|Any CPU.Build.0 = Debug|Any CPU
		{5561C709-DF86-490A-95EB-352835E4C52E}.Release|Any CPU.ActiveCfg = Release|Any CPU
		{5561C709-DF86-490A-95EB-352835E4C52E}.Release|Any CPU.Build.0 = Release|Any CPU
		{1945B16C-17FF-40EB-AC1E-36610D82877B}.Debug|Any CPU.ActiveCfg = Debug|Any CPU
		{1945B16C-17FF-40EB-AC1E-36610D82877B}.Debug|Any CPU.Build.0 = Debug|Any CPU
		{1945B16C-17FF-40EB-AC1E-36610D82877B}.Release|Any CPU.ActiveCfg = Release|Any CPU
		{1945B16C-17FF-40EB-AC1E-36610D82877B}.Release|Any CPU.Build.0 = Release|Any CPU
		{FC277080-8125-47F0-9C04-7BFA8E6AE260}.Debug|Any CPU.ActiveCfg = Debug|Any CPU
		{FC277080-8125-47F0-9C04-7BFA8E6AE260}.Debug|Any CPU.Build.0 = Debug|Any CPU
		{FC277080-8125-47F0-9C04-7BFA8E6AE260}.Release|Any CPU.ActiveCfg = Release|Any CPU
		{FC277080-8125-47F0-9C04-7BFA8E6AE260}.Release|Any CPU.Build.0 = Release|Any CPU
		{8D17A312-A420-4B62-9238-51D2F80FF494}.Debug|Any CPU.ActiveCfg = Debug|Any CPU
		{8D17A312-A420-4B62-9238-51D2F80FF494}.Debug|Any CPU.Build.0 = Debug|Any CPU
		{8D17A312-A420-4B62-9238-51D2F80FF494}.Release|Any CPU.ActiveCfg = Release|Any CPU
		{8D17A312-A420-4B62-9238-51D2F80FF494}.Release|Any CPU.Build.0 = Release|Any CPU
		{5B69B95C-DEEB-40D8-B731-F5ED4671CFD6}.Debug|Any CPU.ActiveCfg = Debug|Any CPU
		{5B69B95C-DEEB-40D8-B731-F5ED4671CFD6}.Debug|Any CPU.Build.0 = Debug|Any CPU
		{5B69B95C-DEEB-40D8-B731-F5ED4671CFD6}.Release|Any CPU.ActiveCfg = Release|Any CPU
		{5B69B95C-DEEB-40D8-B731-F5ED4671CFD6}.Release|Any CPU.Build.0 = Release|Any CPU
		{7B49B45E-4244-4FBD-A10E-4DD2E50DDBCF}.Debug|Any CPU.ActiveCfg = Debug|Any CPU
		{7B49B45E-4244-4FBD-A10E-4DD2E50DDBCF}.Debug|Any CPU.Build.0 = Debug|Any CPU
		{7B49B45E-4244-4FBD-A10E-4DD2E50DDBCF}.Release|Any CPU.ActiveCfg = Release|Any CPU
		{7B49B45E-4244-4FBD-A10E-4DD2E50DDBCF}.Release|Any CPU.Build.0 = Release|Any CPU
		{B3B5A820-31F0-4F97-86A6-D457345EDFC4}.Debug|Any CPU.ActiveCfg = Debug|Any CPU
		{B3B5A820-31F0-4F97-86A6-D457345EDFC4}.Debug|Any CPU.Build.0 = Debug|Any CPU
		{B3B5A820-31F0-4F97-86A6-D457345EDFC4}.Release|Any CPU.ActiveCfg = Release|Any CPU
		{B3B5A820-31F0-4F97-86A6-D457345EDFC4}.Release|Any CPU.Build.0 = Release|Any CPU
		{0C49340A-C89F-466E-84FF-E663487F884B}.Debug|Any CPU.ActiveCfg = Debug|Any CPU
		{0C49340A-C89F-466E-84FF-E663487F884B}.Debug|Any CPU.Build.0 = Debug|Any CPU
		{0C49340A-C89F-466E-84FF-E663487F884B}.Release|Any CPU.ActiveCfg = Release|Any CPU
		{0C49340A-C89F-466E-84FF-E663487F884B}.Release|Any CPU.Build.0 = Release|Any CPU
		{C33C4634-439A-4C94-92D8-A0DEBB19E5A8}.Debug|Any CPU.ActiveCfg = Debug|Any CPU
		{C33C4634-439A-4C94-92D8-A0DEBB19E5A8}.Debug|Any CPU.Build.0 = Debug|Any CPU
		{C33C4634-439A-4C94-92D8-A0DEBB19E5A8}.Release|Any CPU.ActiveCfg = Release|Any CPU
		{C33C4634-439A-4C94-92D8-A0DEBB19E5A8}.Release|Any CPU.Build.0 = Release|Any CPU
		{D74DEFFC-148D-4929-BDE4-43B3EB825B23}.Debug|Any CPU.ActiveCfg = Debug|Any CPU
		{D74DEFFC-148D-4929-BDE4-43B3EB825B23}.Debug|Any CPU.Build.0 = Debug|Any CPU
		{D74DEFFC-148D-4929-BDE4-43B3EB825B23}.Release|Any CPU.ActiveCfg = Release|Any CPU
		{D74DEFFC-148D-4929-BDE4-43B3EB825B23}.Release|Any CPU.Build.0 = Release|Any CPU
		{7D2B7A05-CF4A-4A1A-AEE2-357F309D2E82}.Debug|Any CPU.ActiveCfg = Debug|Any CPU
		{7D2B7A05-CF4A-4A1A-AEE2-357F309D2E82}.Debug|Any CPU.Build.0 = Debug|Any CPU
		{7D2B7A05-CF4A-4A1A-AEE2-357F309D2E82}.Release|Any CPU.ActiveCfg = Release|Any CPU
		{7D2B7A05-CF4A-4A1A-AEE2-357F309D2E82}.Release|Any CPU.Build.0 = Release|Any CPU
		{4A99FA3A-154A-42DF-9C47-AD859BD75590}.Debug|Any CPU.ActiveCfg = Debug|Any CPU
		{4A99FA3A-154A-42DF-9C47-AD859BD75590}.Debug|Any CPU.Build.0 = Debug|Any CPU
		{4A99FA3A-154A-42DF-9C47-AD859BD75590}.Release|Any CPU.ActiveCfg = Release|Any CPU
		{4A99FA3A-154A-42DF-9C47-AD859BD75590}.Release|Any CPU.Build.0 = Release|Any CPU
		{78751E92-5462-4213-A753-D2235225114F}.Debug|Any CPU.ActiveCfg = Debug|Any CPU
		{78751E92-5462-4213-A753-D2235225114F}.Debug|Any CPU.Build.0 = Debug|Any CPU
		{78751E92-5462-4213-A753-D2235225114F}.Release|Any CPU.ActiveCfg = Release|Any CPU
		{78751E92-5462-4213-A753-D2235225114F}.Release|Any CPU.Build.0 = Release|Any CPU
		{39CB36C0-2CCA-497A-A756-847A6EF4C381}.Debug|Any CPU.ActiveCfg = Debug|Any CPU
		{39CB36C0-2CCA-497A-A756-847A6EF4C381}.Debug|Any CPU.Build.0 = Debug|Any CPU
		{39CB36C0-2CCA-497A-A756-847A6EF4C381}.Release|Any CPU.ActiveCfg = Release|Any CPU
		{39CB36C0-2CCA-497A-A756-847A6EF4C381}.Release|Any CPU.Build.0 = Release|Any CPU
		{ADF564F1-9651-486E-9033-99C850D4781A}.Debug|Any CPU.ActiveCfg = Debug|Any CPU
		{ADF564F1-9651-486E-9033-99C850D4781A}.Debug|Any CPU.Build.0 = Debug|Any CPU
		{ADF564F1-9651-486E-9033-99C850D4781A}.Release|Any CPU.ActiveCfg = Release|Any CPU
		{ADF564F1-9651-486E-9033-99C850D4781A}.Release|Any CPU.Build.0 = Release|Any CPU
		{61D50E15-43A0-4BE2-8316-817326C69CAC}.Debug|Any CPU.ActiveCfg = Debug|Any CPU
		{61D50E15-43A0-4BE2-8316-817326C69CAC}.Debug|Any CPU.Build.0 = Debug|Any CPU
		{61D50E15-43A0-4BE2-8316-817326C69CAC}.Release|Any CPU.ActiveCfg = Release|Any CPU
		{61D50E15-43A0-4BE2-8316-817326C69CAC}.Release|Any CPU.Build.0 = Release|Any CPU
		{873F071B-F93B-42D5-8E26-2E81059F0812}.Debug|Any CPU.ActiveCfg = Debug|Any CPU
		{873F071B-F93B-42D5-8E26-2E81059F0812}.Debug|Any CPU.Build.0 = Debug|Any CPU
		{873F071B-F93B-42D5-8E26-2E81059F0812}.Release|Any CPU.ActiveCfg = Release|Any CPU
		{873F071B-F93B-42D5-8E26-2E81059F0812}.Release|Any CPU.Build.0 = Release|Any CPU
		{8A076D76-4257-4AB3-904F-5FEAB6026CA5}.Debug|Any CPU.ActiveCfg = Debug|Any CPU
		{8A076D76-4257-4AB3-904F-5FEAB6026CA5}.Debug|Any CPU.Build.0 = Debug|Any CPU
		{8A076D76-4257-4AB3-904F-5FEAB6026CA5}.Release|Any CPU.ActiveCfg = Release|Any CPU
		{8A076D76-4257-4AB3-904F-5FEAB6026CA5}.Release|Any CPU.Build.0 = Release|Any CPU
		{6C15172A-B37E-4A46-BAD8-F8A7E3B6AA13}.Debug|Any CPU.ActiveCfg = Debug|Any CPU
		{6C15172A-B37E-4A46-BAD8-F8A7E3B6AA13}.Debug|Any CPU.Build.0 = Debug|Any CPU
		{6C15172A-B37E-4A46-BAD8-F8A7E3B6AA13}.Release|Any CPU.ActiveCfg = Release|Any CPU
		{6C15172A-B37E-4A46-BAD8-F8A7E3B6AA13}.Release|Any CPU.Build.0 = Release|Any CPU
		{29AD2079-FE3D-4CCE-AE4B-434BB90EBBD3}.Debug|Any CPU.ActiveCfg = Debug|Any CPU
		{29AD2079-FE3D-4CCE-AE4B-434BB90EBBD3}.Debug|Any CPU.Build.0 = Debug|Any CPU
		{29AD2079-FE3D-4CCE-AE4B-434BB90EBBD3}.Release|Any CPU.ActiveCfg = Release|Any CPU
		{29AD2079-FE3D-4CCE-AE4B-434BB90EBBD3}.Release|Any CPU.Build.0 = Release|Any CPU
		{9B0E96F4-296A-4A6F-83AF-B35C9751E206}.Debug|Any CPU.ActiveCfg = Debug|Any CPU
		{9B0E96F4-296A-4A6F-83AF-B35C9751E206}.Debug|Any CPU.Build.0 = Debug|Any CPU
		{9B0E96F4-296A-4A6F-83AF-B35C9751E206}.Release|Any CPU.ActiveCfg = Release|Any CPU
		{9B0E96F4-296A-4A6F-83AF-B35C9751E206}.Release|Any CPU.Build.0 = Release|Any CPU
	EndGlobalSection
	GlobalSection(SolutionProperties) = preSolution
		HideSolutionNode = FALSE
	EndGlobalSection
	GlobalSection(NestedProjects) = preSolution
		{894F3FB8-FD76-49E8-8777-471207B83849} = {48F744FB-EA3E-4298-9654-59C9CE07177A}
		{7104CCF5-9A01-4A8B-ABEB-CC2EA94AF365} = {48F744FB-EA3E-4298-9654-59C9CE07177A}
		{19DFADB3-BA94-41DA-9616-EA48E57C707A} = {5BC1F228-2CC1-4D51-97A7-C377758CEA29}
		{1FE2A8C1-8259-4F23-A46D-DB96F176C272} = {5BC1F228-2CC1-4D51-97A7-C377758CEA29}
		{1C4B675B-44A6-4203-A30B-5E882FB15B38} = {5BC1F228-2CC1-4D51-97A7-C377758CEA29}
		{A2FA393F-1F44-4018-944B-605A0074085D} = {48F744FB-EA3E-4298-9654-59C9CE07177A}
		{C956C5EE-AA3F-485D-854E-C1898A465D15} = {5BC1F228-2CC1-4D51-97A7-C377758CEA29}
		{686562D6-EFAA-466F-BB0B-535135185E6E} = {5BC1F228-2CC1-4D51-97A7-C377758CEA29}
		{029C0747-D9C3-408D-9512-C82E0F971EA1} = {686562D6-EFAA-466F-BB0B-535135185E6E}
		{4E865D19-1D9C-4B24-9452-262ED9F7C9ED} = {686562D6-EFAA-466F-BB0B-535135185E6E}
		{B7CA68A4-3118-4942-959B-C0CEDF7FA136} = {686562D6-EFAA-466F-BB0B-535135185E6E}
		{AA59CD41-B213-4408-88B6-381999991D94} = {686562D6-EFAA-466F-BB0B-535135185E6E}
		{060CD99E-2F40-4E5F-AD10-54D59C7576A6} = {19DFADB3-BA94-41DA-9616-EA48E57C707A}
		{81581C73-C532-4125-9D10-5F6145EE40A7} = {19DFADB3-BA94-41DA-9616-EA48E57C707A}
		{B1B4E4E3-18E6-4785-BD5B-C98FBED436A3} = {19DFADB3-BA94-41DA-9616-EA48E57C707A}
		{E996B82D-F858-4C54-B9A3-F474A80EFCFE} = {19DFADB3-BA94-41DA-9616-EA48E57C707A}
		{5561C709-DF86-490A-95EB-352835E4C52E} = {19DFADB3-BA94-41DA-9616-EA48E57C707A}
		{1945B16C-17FF-40EB-AC1E-36610D82877B} = {19DFADB3-BA94-41DA-9616-EA48E57C707A}
		{FC277080-8125-47F0-9C04-7BFA8E6AE260} = {19DFADB3-BA94-41DA-9616-EA48E57C707A}
		{8D17A312-A420-4B62-9238-51D2F80FF494} = {19DFADB3-BA94-41DA-9616-EA48E57C707A}
		{5B69B95C-DEEB-40D8-B731-F5ED4671CFD6} = {48F744FB-EA3E-4298-9654-59C9CE07177A}
		{7B49B45E-4244-4FBD-A10E-4DD2E50DDBCF} = {72894526-EC99-41C0-8CFE-BEB363E1BCED}
		{B3B5A820-31F0-4F97-86A6-D457345EDFC4} = {72894526-EC99-41C0-8CFE-BEB363E1BCED}
		{0C49340A-C89F-466E-84FF-E663487F884B} = {72894526-EC99-41C0-8CFE-BEB363E1BCED}
		{C33C4634-439A-4C94-92D8-A0DEBB19E5A8} = {72894526-EC99-41C0-8CFE-BEB363E1BCED}
		{D74DEFFC-148D-4929-BDE4-43B3EB825B23} = {72894526-EC99-41C0-8CFE-BEB363E1BCED}
		{7D2B7A05-CF4A-4A1A-AEE2-357F309D2E82} = {72894526-EC99-41C0-8CFE-BEB363E1BCED}
		{4A99FA3A-154A-42DF-9C47-AD859BD75590} = {72894526-EC99-41C0-8CFE-BEB363E1BCED}
		{78751E92-5462-4213-A753-D2235225114F} = {72894526-EC99-41C0-8CFE-BEB363E1BCED}
		{39CB36C0-2CCA-497A-A756-847A6EF4C381} = {72894526-EC99-41C0-8CFE-BEB363E1BCED}
		{ADF564F1-9651-486E-9033-99C850D4781A} = {72894526-EC99-41C0-8CFE-BEB363E1BCED}
		{61D50E15-43A0-4BE2-8316-817326C69CAC} = {72894526-EC99-41C0-8CFE-BEB363E1BCED}
		{873F071B-F93B-42D5-8E26-2E81059F0812} = {72894526-EC99-41C0-8CFE-BEB363E1BCED}
		{8A076D76-4257-4AB3-904F-5FEAB6026CA5} = {72894526-EC99-41C0-8CFE-BEB363E1BCED}
		{6C15172A-B37E-4A46-BAD8-F8A7E3B6AA13} = {72894526-EC99-41C0-8CFE-BEB363E1BCED}
		{29AD2079-FE3D-4CCE-AE4B-434BB90EBBD3} = {72894526-EC99-41C0-8CFE-BEB363E1BCED}
		{9B0E96F4-296A-4A6F-83AF-B35C9751E206} = {72894526-EC99-41C0-8CFE-BEB363E1BCED}
	EndGlobalSection
	GlobalSection(ExtensibilityGlobals) = postSolution
		SolutionGuid = {DF18776C-3F18-4341-A9D7-C3F43AEA8041}
	EndGlobalSection
EndGlobal
