
Microsoft Visual Studio Solution File, Format Version 12.00
# Visual Studio Version 17
VisualStudioVersion = 17.0.32112.339
MinimumVisualStudioVersion = 10.0.40219.1
Project("{9A19103F-16F7-4668-BE54-9A1E7A4F7556}") = "Base", "src\Base\Base.csproj", "{FE5931DA-55C5-47B1-B7F1-14F8BA636C13}"
EndProject
Project("{9A19103F-16F7-4668-BE54-9A1E7A4F7556}") = "ProjectBase", "src\ProjectBase\ProjectBase.csproj", "{51A41F2C-D478-46AE-8077-47A2715FCB9C}"
EndProject
Project("{9A19103F-16F7-4668-BE54-9A1E7A4F7556}") = "NetworkArchiveBase", "src\NetworkArchiveBase\NetworkArchiveBase.csproj", "{0B6001B8-0185-4EF3-A64F-C72E8DC6217A}"
EndProject
Project("{9A19103F-16F7-4668-BE54-9A1E7A4F7556}") = "NetworkArchive", "src\NetworkArchive\NetworkArchive.csproj", "{6B178BA1-89F8-4990-A396-C79F1EC1F46B}"
EndProject
Project("{9A19103F-16F7-4668-BE54-9A1E7A4F7556}") = "ProjectManager", "src\ProjectManager\ProjectManager.csproj", "{F1D93004-A43E-437D-B202-7E8D77C3A5EE}"
EndProject
Project("{9A19103F-16F7-4668-BE54-9A1E7A4F7556}") = "ModulesManager", "src\ModulesManager\ModulesManager.csproj", "{71EFC9A4-55A1-4438-8AA2-055ABEAE27BD}"
EndProject
Project("{9A19103F-16F7-4668-BE54-9A1E7A4F7556}") = "FrontEnd", "src\FrontEnd\FrontEnd.csproj", "{E2811D06-E126-45EA-B953-C10D58E2F331}"
EndProject
Project("{9A19103F-16F7-4668-BE54-9A1E7A4F7556}") = "NAFGraph", "libsrc\NAFGraph\NAFGraph.csproj", "{894F3FB8-FD76-49E8-8777-471207B83849}"
EndProject
Project("{9A19103F-16F7-4668-BE54-9A1E7A4F7556}") = "DockDotNET", "libsrc\DockDotNET\DockDotNET.csproj", "{7104CCF5-9A01-4A8B-ABEB-CC2EA94AF365}"
EndProject
Project("{9A19103F-16F7-4668-BE54-9A1E7A4F7556}") = "FrontEndAddInHelper", "src\FrontEndAddInHelper\FrontEndAddInHelper.csproj", "{B7590AC7-E0C1-4F25-AB02-587E524B9192}"
EndProject
Project("{2150E333-8FDC-42A3-9474-1A3956D46DE8}") = "Modules", "Modules", "{5BC1F228-2CC1-4D51-97A7-C377758CEA29}"
EndProject
Project("{2150E333-8FDC-42A3-9474-1A3956D46DE8}") = "Core", "Core", "{D978D132-361E-49D6-842E-B838DE9AB85A}"
EndProject
Project("{2150E333-8FDC-42A3-9474-1A3956D46DE8}") = "BoxModuleServices", "BoxModuleServices", "{19DFADB3-BA94-41DA-9616-EA48E57C707A}"
EndProject
Project("{9A19103F-16F7-4668-BE54-9A1E7A4F7556}") = "BoxInterfaces", "src\Modules\BoxInterfaces\BoxInterfaces.csproj", "{1FE2A8C1-8259-4F23-A46D-DB96F176C272}"
EndProject
Project("{9A19103F-16F7-4668-BE54-9A1E7A4F7556}") = "ServerBase", "src\Modules\ServerBase\ServerBase.csproj", "{1C4B675B-44A6-4203-A30B-5E882FB15B38}"
EndProject
Project("{9A19103F-16F7-4668-BE54-9A1E7A4F7556}") = "LumenWorks.Framework.IO", "libsrc\CsvReader\LumenWorks.Framework.IO\LumenWorks.Framework.IO.csproj", "{A2FA393F-1F44-4018-944B-605A0074085D}"
EndProject
Global
	GlobalSection(SolutionConfigurationPlatforms) = preSolution
		Debug|Any CPU = Debug|Any CPU
		Release|Any CPU = Release|Any CPU
	EndGlobalSection
	GlobalSection(ProjectConfigurationPlatforms) = postSolution
		{FE5931DA-55C5-47B1-B7F1-14F8BA636C13}.Debug|Any CPU.ActiveCfg = Debug|Any CPU
		{FE5931DA-55C5-47B1-B7F1-14F8BA636C13}.Debug|Any CPU.Build.0 = Debug|Any CPU
		{FE5931DA-55C5-47B1-B7F1-14F8BA636C13}.Release|Any CPU.ActiveCfg = Release|Any CPU
		{FE5931DA-55C5-47B1-B7F1-14F8BA636C13}.Release|Any CPU.Build.0 = Release|Any CPU
		{51A41F2C-D478-46AE-8077-47A2715FCB9C}.Debug|Any CPU.ActiveCfg = Debug|Any CPU
		{51A41F2C-D478-46AE-8077-47A2715FCB9C}.Debug|Any CPU.Build.0 = Debug|Any CPU
		{51A41F2C-D478-46AE-8077-47A2715FCB9C}.Release|Any CPU.ActiveCfg = Release|Any CPU
		{51A41F2C-D478-46AE-8077-47A2715FCB9C}.Release|Any CPU.Build.0 = Release|Any CPU
		{0B6001B8-0185-4EF3-A64F-C72E8DC6217A}.Debug|Any CPU.ActiveCfg = Debug|Any CPU
		{0B6001B8-0185-4EF3-A64F-C72E8DC6217A}.Debug|Any CPU.Build.0 = Debug|Any CPU
		{0B6001B8-0185-4EF3-A64F-C72E8DC6217A}.Release|Any CPU.ActiveCfg = Release|Any CPU
		{0B6001B8-0185-4EF3-A64F-C72E8DC6217A}.Release|Any CPU.Build.0 = Release|Any CPU
		{6B178BA1-89F8-4990-A396-C79F1EC1F46B}.Debug|Any CPU.ActiveCfg = Debug|Any CPU
		{6B178BA1-89F8-4990-A396-C79F1EC1F46B}.Debug|Any CPU.Build.0 = Debug|Any CPU
		{6B178BA1-89F8-4990-A396-C79F1EC1F46B}.Release|Any CPU.ActiveCfg = Release|Any CPU
		{6B178BA1-89F8-4990-A396-C79F1EC1F46B}.Release|Any CPU.Build.0 = Release|Any CPU
		{F1D93004-A43E-437D-B202-7E8D77C3A5EE}.Debug|Any CPU.ActiveCfg = Debug|Any CPU
		{F1D93004-A43E-437D-B202-7E8D77C3A5EE}.Debug|Any CPU.Build.0 = Debug|Any CPU
		{F1D93004-A43E-437D-B202-7E8D77C3A5EE}.Release|Any CPU.ActiveCfg = Release|Any CPU
		{F1D93004-A43E-437D-B202-7E8D77C3A5EE}.Release|Any CPU.Build.0 = Release|Any CPU
		{71EFC9A4-55A1-4438-8AA2-055ABEAE27BD}.Debug|Any CPU.ActiveCfg = Debug|Any CPU
		{71EFC9A4-55A1-4438-8AA2-055ABEAE27BD}.Debug|Any CPU.Build.0 = Debug|Any CPU
		{71EFC9A4-55A1-4438-8AA2-055ABEAE27BD}.Release|Any CPU.ActiveCfg = Release|Any CPU
		{71EFC9A4-55A1-4438-8AA2-055ABEAE27BD}.Release|Any CPU.Build.0 = Release|Any CPU
		{E2811D06-E126-45EA-B953-C10D58E2F331}.Debug|Any CPU.ActiveCfg = Debug|Any CPU
		{E2811D06-E126-45EA-B953-C10D58E2F331}.Debug|Any CPU.Build.0 = Debug|Any CPU
		{E2811D06-E126-45EA-B953-C10D58E2F331}.Release|Any CPU.ActiveCfg = Release|Any CPU
		{E2811D06-E126-45EA-B953-C10D58E2F331}.Release|Any CPU.Build.0 = Release|Any CPU
		{894F3FB8-FD76-49E8-8777-471207B83849}.Debug|Any CPU.ActiveCfg = Debug|Any CPU
		{894F3FB8-FD76-49E8-8777-471207B83849}.Debug|Any CPU.Build.0 = Debug|Any CPU
		{894F3FB8-FD76-49E8-8777-471207B83849}.Release|Any CPU.ActiveCfg = Release|Any CPU
		{894F3FB8-FD76-49E8-8777-471207B83849}.Release|Any CPU.Build.0 = Release|Any CPU
		{7104CCF5-9A01-4A8B-ABEB-CC2EA94AF365}.Debug|Any CPU.ActiveCfg = Debug|Any CPU
		{7104CCF5-9A01-4A8B-ABEB-CC2EA94AF365}.Debug|Any CPU.Build.0 = Debug|Any CPU
		{7104CCF5-9A01-4A8B-ABEB-CC2EA94AF365}.Release|Any CPU.ActiveCfg = Release|Any CPU
		{7104CCF5-9A01-4A8B-ABEB-CC2EA94AF365}.Release|Any CPU.Build.0 = Release|Any CPU
		{B7590AC7-E0C1-4F25-AB02-587E524B9192}.Debug|Any CPU.ActiveCfg = Debug|Any CPU
		{B7590AC7-E0C1-4F25-AB02-587E524B9192}.Debug|Any CPU.Build.0 = Debug|Any CPU
		{B7590AC7-E0C1-4F25-AB02-587E524B9192}.Release|Any CPU.ActiveCfg = Release|Any CPU
		{B7590AC7-E0C1-4F25-AB02-587E524B9192}.Release|Any CPU.Build.0 = Release|Any CPU
		{1FE2A8C1-8259-4F23-A46D-DB96F176C272}.Debug|Any CPU.ActiveCfg = Debug|Any CPU
		{1FE2A8C1-8259-4F23-A46D-DB96F176C272}.Debug|Any CPU.Build.0 = Debug|Any CPU
		{1FE2A8C1-8259-4F23-A46D-DB96F176C272}.Release|Any CPU.ActiveCfg = Release|Any CPU
		{1FE2A8C1-8259-4F23-A46D-DB96F176C272}.Release|Any CPU.Build.0 = Release|Any CPU
		{1C4B675B-44A6-4203-A30B-5E882FB15B38}.Debug|Any CPU.ActiveCfg = Debug|Any CPU
		{1C4B675B-44A6-4203-A30B-5E882FB15B38}.Debug|Any CPU.Build.0 = Debug|Any CPU
		{1C4B675B-44A6-4203-A30B-5E882FB15B38}.Release|Any CPU.ActiveCfg = Release|Any CPU
		{1C4B675B-44A6-4203-A30B-5E882FB15B38}.Release|Any CPU.Build.0 = Release|Any CPU
		{A2FA393F-1F44-4018-944B-605A0074085D}.Debug|Any CPU.ActiveCfg = Debug|Any CPU
		{A2FA393F-1F44-4018-944B-605A0074085D}.Debug|Any CPU.Build.0 = Debug|Any CPU
		{A2FA393F-1F44-4018-944B-605A0074085D}.Release|Any CPU.ActiveCfg = Release|Any CPU
		{A2FA393F-1F44-4018-944B-605A0074085D}.Release|Any CPU.Build.0 = Release|Any CPU
	EndGlobalSection
	GlobalSection(SolutionProperties) = preSolution
		HideSolutionNode = FALSE
	EndGlobalSection
	GlobalSection(NestedProjects) = preSolution
		{D978D132-361E-49D6-842E-B838DE9AB85A} = {5BC1F228-2CC1-4D51-97A7-C377758CEA29}
		{19DFADB3-BA94-41DA-9616-EA48E57C707A} = {5BC1F228-2CC1-4D51-97A7-C377758CEA29}
		{1FE2A8C1-8259-4F23-A46D-DB96F176C272} = {5BC1F228-2CC1-4D51-97A7-C377758CEA29}
		{1C4B675B-44A6-4203-A30B-5E882FB15B38} = {5BC1F228-2CC1-4D51-97A7-C377758CEA29}
	EndGlobalSection
	GlobalSection(ExtensibilityGlobals) = postSolution
		SolutionGuid = {DF18776C-3F18-4341-A9D7-C3F43AEA8041}
	EndGlobalSection
EndGlobal
