Microsoft Visual Studio Solution File, Format Version 9.00
# Visual Studio 2005
Project("{FAE04EC0-301F-11D3-BF4B-00C04F79EFBC}") = "LumenWorks.Framework.IO", "LumenWorks.Framework.IO\LumenWorks.Framework.IO.csproj", "{8EBD24FC-80F8-46F2-B0EF-F2065FE823C0}"
EndProject
Project("{FAE04EC0-301F-11D3-BF4B-00C04F79EFBC}") = "LumenWorks.Framework.Tests.Unit", "LumenWorks.Framework.Tests.Unit\LumenWorks.Framework.Tests.Unit.csproj", "{BC23ABDC-51F7-4228-B999-6B4C673FC8F3}"
EndProject
Global
	GlobalSection(SolutionConfigurationPlatforms) = preSolution
		Debug|Any CPU = Debug|Any CPU
		Release|Any CPU = Release|Any CPU
	EndGlobalSection
	GlobalSection(ProjectConfigurationPlatforms) = postSolution
		{8EBD24FC-80F8-46F2-B0EF-F2065FE823C0}.Debug|Any CPU.ActiveCfg = Debug|Any CPU
		{8EBD24FC-80F8-46F2-B0EF-F2065FE823C0}.Debug|Any CPU.Build.0 = Debug|Any CPU
		{8EBD24FC-80F8-46F2-B0EF-F2065FE823C0}.Release|Any CPU.ActiveCfg = Release|Any CPU
		{8EBD24FC-80F8-46F2-B0EF-F2065FE823C0}.Release|Any CPU.Build.0 = Release|Any CPU
		{BC23ABDC-51F7-4228-B999-6B4C673FC8F3}.Debug|Any CPU.ActiveCfg = Debug|Any CPU
		{BC23ABDC-51F7-4228-B999-6B4C673FC8F3}.Debug|Any CPU.Build.0 = Debug|Any CPU
		{BC23ABDC-51F7-4228-B999-6B4C673FC8F3}.Release|Any CPU.ActiveCfg = Release|Any CPU
		{BC23ABDC-51F7-4228-B999-6B4C673FC8F3}.Release|Any CPU.Build.0 = Release|Any CPU
	EndGlobalSection
	GlobalSection(SolutionProperties) = preSolution
		HideSolutionNode = FALSE
	EndGlobalSection
EndGlobal
