
Microsoft Visual Studio Solution File, Format Version 10.00
# Visual Studio 2008
Project("{FAE04EC0-301F-11D3-BF4B-00C04F79EFBC}") = "Basic2008", "Basic\Basic2008.csproj", "{CAA9E684-F8AD-4B24-A871-B5215C38EB95}"
EndProject
Project("{FAE04EC0-301F-11D3-BF4B-00C04F79EFBC}") = "DataPreparation2008", "DataPreparation\DataPreparation2008.csproj", "{AE98C890-A6CE-461C-A245-54E87F383CD0}"
	ProjectSection(ProjectDependencies) = postProject
		{9D598D8A-0393-4E99-9842-49D120C06881} = {9D598D8A-0393-4E99-9842-49D120C06881}
	EndProjectSection
EndProject
Project("{FAE04EC0-301F-11D3-BF4B-00C04F79EFBC}") = "GuhaMining2008", "GuhaMining\GuhaMining2008.csproj", "{9D598D8A-0393-4E99-9842-49D120C06881}"
EndProject
Project("{FAE04EC0-301F-11D3-BF4B-00C04F79EFBC}") = "Language2008", "Language\Language2008.csproj", "{EB18047A-CB00-4C0F-A748-01E68393B64A}"
EndProject
Project("{FAE04EC0-301F-11D3-BF4B-00C04F79EFBC}") = "OntologyRelated2008", "OntologyRelated\OntologyRelated2008.csproj", "{438E806F-76ED-4403-8BB2-89C11EFC5D33}"
EndProject
Project("{FAE04EC0-301F-11D3-BF4B-00C04F79EFBC}") = "Sample2008", "Sample\Sample2008.csproj", "{080262C5-D4FC-4722-B1E7-46E927D34507}"
EndProject
Project("{FAE04EC0-301F-11D3-BF4B-00C04F79EFBC}") = "Wizards2008", "Wizards\Wizards2008.csproj", "{2EB18AFB-16F5-4E02-AD18-D436DE3C2D00}"
EndProject
Global
	GlobalSection(SolutionConfigurationPlatforms) = preSolution
		Debug|Any CPU = Debug|Any CPU
		Release|Any CPU = Release|Any CPU
	EndGlobalSection
	GlobalSection(ProjectConfigurationPlatforms) = postSolution
		{CAA9E684-F8AD-4B24-A871-B5215C38EB95}.Debug|Any CPU.ActiveCfg = Debug|Any CPU
		{CAA9E684-F8AD-4B24-A871-B5215C38EB95}.Debug|Any CPU.Build.0 = Debug|Any CPU
		{CAA9E684-F8AD-4B24-A871-B5215C38EB95}.Release|Any CPU.ActiveCfg = Release|Any CPU
		{CAA9E684-F8AD-4B24-A871-B5215C38EB95}.Release|Any CPU.Build.0 = Release|Any CPU
		{AE98C890-A6CE-461C-A245-54E87F383CD0}.Debug|Any CPU.ActiveCfg = Debug|Any CPU
		{AE98C890-A6CE-461C-A245-54E87F383CD0}.Debug|Any CPU.Build.0 = Debug|Any CPU
		{AE98C890-A6CE-461C-A245-54E87F383CD0}.Release|Any CPU.ActiveCfg = Release|Any CPU
		{AE98C890-A6CE-461C-A245-54E87F383CD0}.Release|Any CPU.Build.0 = Release|Any CPU
		{9D598D8A-0393-4E99-9842-49D120C06881}.Debug|Any CPU.ActiveCfg = Debug|Any CPU
		{9D598D8A-0393-4E99-9842-49D120C06881}.Debug|Any CPU.Build.0 = Debug|Any CPU
		{9D598D8A-0393-4E99-9842-49D120C06881}.Release|Any CPU.ActiveCfg = Release|Any CPU
		{9D598D8A-0393-4E99-9842-49D120C06881}.Release|Any CPU.Build.0 = Release|Any CPU
		{EB18047A-CB00-4C0F-A748-01E68393B64A}.Debug|Any CPU.ActiveCfg = Debug|Any CPU
		{EB18047A-CB00-4C0F-A748-01E68393B64A}.Debug|Any CPU.Build.0 = Debug|Any CPU
		{EB18047A-CB00-4C0F-A748-01E68393B64A}.Release|Any CPU.ActiveCfg = Release|Any CPU
		{EB18047A-CB00-4C0F-A748-01E68393B64A}.Release|Any CPU.Build.0 = Release|Any CPU
		{438E806F-76ED-4403-8BB2-89C11EFC5D33}.Debug|Any CPU.ActiveCfg = Debug|Any CPU
		{438E806F-76ED-4403-8BB2-89C11EFC5D33}.Debug|Any CPU.Build.0 = Debug|Any CPU
		{438E806F-76ED-4403-8BB2-89C11EFC5D33}.Release|Any CPU.ActiveCfg = Release|Any CPU
		{438E806F-76ED-4403-8BB2-89C11EFC5D33}.Release|Any CPU.Build.0 = Release|Any CPU
		{080262C5-D4FC-4722-B1E7-46E927D34507}.Debug|Any CPU.ActiveCfg = Debug|Any CPU
		{080262C5-D4FC-4722-B1E7-46E927D34507}.Debug|Any CPU.Build.0 = Debug|Any CPU
		{080262C5-D4FC-4722-B1E7-46E927D34507}.Release|Any CPU.ActiveCfg = Release|Any CPU
		{080262C5-D4FC-4722-B1E7-46E927D34507}.Release|Any CPU.Build.0 = Release|Any CPU
		{2EB18AFB-16F5-4E02-AD18-D436DE3C2D00}.Debug|Any CPU.ActiveCfg = Debug|Any CPU
		{2EB18AFB-16F5-4E02-AD18-D436DE3C2D00}.Debug|Any CPU.Build.0 = Debug|Any CPU
		{2EB18AFB-16F5-4E02-AD18-D436DE3C2D00}.Release|Any CPU.ActiveCfg = Release|Any CPU
		{2EB18AFB-16F5-4E02-AD18-D436DE3C2D00}.Release|Any CPU.Build.0 = Release|Any CPU
	EndGlobalSection
	GlobalSection(SolutionProperties) = preSolution
		HideSolutionNode = FALSE
	EndGlobalSection
EndGlobal
